
Microsoft Visual Studio Solution File, Format Version 12.00
# Visual Studio Version 16
VisualStudioVersion = 16.0.29209.62
MinimumVisualStudioVersion = 10.0.40219.1
Project("{FAE04EC0-301F-11D3-BF4B-00C04F79EFBC}") = "tpCrucigrama", "tpCrucigrama\tpCrucigrama.csproj", "{B73BA280-8EEF-4047-9967-F5102C48C487}"
EndProject
Global
	GlobalSection(SolutionConfigurationPlatforms) = preSolution
		Debug|Any CPU = Debug|Any CPU
		Release|Any CPU = Release|Any CPU
	EndGlobalSection
	GlobalSection(ProjectConfigurationPlatforms) = postSolution
		{B73BA280-8EEF-4047-9967-F5102C48C487}.Debug|Any CPU.ActiveCfg = Debug|Any CPU
		{B73BA280-8EEF-4047-9967-F5102C48C487}.Debug|Any CPU.Build.0 = Debug|Any CPU
		{B73BA280-8EEF-4047-9967-F5102C48C487}.Release|Any CPU.ActiveCfg = Release|Any CPU
		{B73BA280-8EEF-4047-9967-F5102C48C487}.Release|Any CPU.Build.0 = Release|Any CPU
	EndGlobalSection
	GlobalSection(SolutionProperties) = preSolution
		HideSolutionNode = FALSE
	EndGlobalSection
	GlobalSection(ExtensibilityGlobals) = postSolution
		SolutionGuid = {EAD15B52-9B66-4A0C-A7E6-00DBDA6F8CEF}
	EndGlobalSection
EndGlobal
